
Microsoft Visual Studio Solution File, Format Version 12.00
# Visual Studio Version 17
VisualStudioVersion = 17.7.34003.232
MinimumVisualStudioVersion = 10.0.40219.1
Project("{888888A0-9F3D-457C-B088-3A5042F75D52}") = "PPTM Simulation", "PPTM Simulation.pyproj", "{8ACA4D62-D985-4A61-9E7D-3902A52005A6}"
EndProject
Global
	GlobalSection(SolutionConfigurationPlatforms) = preSolution
		Debug|Any CPU = Debug|Any CPU
		Release|Any CPU = Release|Any CPU
	EndGlobalSection
	GlobalSection(ProjectConfigurationPlatforms) = postSolution
		{8ACA4D62-D985-4A61-9E7D-3902A52005A6}.Debug|Any CPU.ActiveCfg = Debug|Any CPU
		{8ACA4D62-D985-4A61-9E7D-3902A52005A6}.Release|Any CPU.ActiveCfg = Release|Any CPU
	EndGlobalSection
	GlobalSection(SolutionProperties) = preSolution
		HideSolutionNode = FALSE
	EndGlobalSection
	GlobalSection(ExtensibilityGlobals) = postSolution
		SolutionGuid = {CCBCC174-C803-4C02-A7BB-584EC598D071}
	EndGlobalSection
EndGlobal
